// !$*UTF8*$!
{
	archiveVersion = 1;
	classes = {
	};
	objectVersion = 50;
	objects = {

/* Begin PBXBuildFile section */
		4605A1E521B3E16C00FAC92C /* ViewButtonToGameCard.swift in Sources */ = {isa = PBXBuildFile; fileRef = 4605A1E421B3E16C00FAC92C /* ViewButtonToGameCard.swift */; };
		4614188621AE7FBA009CED1C /* SetGameViewConstants.swift in Sources */ = {isa = PBXBuildFile; fileRef = 4614188521AE7FBA009CED1C /* SetGameViewConstants.swift */; };
		4619F53121A93B45001F799A /* AppDelegate.swift in Sources */ = {isa = PBXBuildFile; fileRef = 4619F53021A93B45001F799A /* AppDelegate.swift */; };
		4619F53321A93B45001F799A /* ViewController.swift in Sources */ = {isa = PBXBuildFile; fileRef = 4619F53221A93B45001F799A /* ViewController.swift */; };
		4619F53621A93B45001F799A /* Main.storyboard in Resources */ = {isa = PBXBuildFile; fileRef = 4619F53421A93B45001F799A /* Main.storyboard */; };
		4619F53821A93B47001F799A /* Assets.xcassets in Resources */ = {isa = PBXBuildFile; fileRef = 4619F53721A93B47001F799A /* Assets.xcassets */; };
		4619F53B21A93B47001F799A /* LaunchScreen.storyboard in Resources */ = {isa = PBXBuildFile; fileRef = 4619F53921A93B47001F799A /* LaunchScreen.storyboard */; };
		4619F54321A93BEC001F799A /* Card.swift in Sources */ = {isa = PBXBuildFile; fileRef = 4619F54221A93BEC001F799A /* Card.swift */; };
		4619F54521A944C3001F799A /* SetGame.swift in Sources */ = {isa = PBXBuildFile; fileRef = 4619F54421A944C3001F799A /* SetGame.swift */; };
		4619F54721A94726001F799A /* SetGameConstants.swift in Sources */ = {isa = PBXBuildFile; fileRef = 4619F54621A94726001F799A /* SetGameConstants.swift */; };
/* End PBXBuildFile section */

/* Begin PBXFileReference section */
		4605A1E421B3E16C00FAC92C /* ViewButtonToGameCard.swift */ = {isa = PBXFileReference; lastKnownFileType = sourcecode.swift; name = ViewButtonToGameCard.swift; path = SetGame/View/ViewButtonToGameCard.swift; sourceTree = "<group>"; };
		4614188521AE7FBA009CED1C /* SetGameViewConstants.swift */ = {isa = PBXFileReference; lastKnownFileType = sourcecode.swift; name = SetGameViewConstants.swift; path = View/SetGameViewConstants.swift; sourceTree = "<group>"; };
		4619F52D21A93B45001F799A /* SetGame.app */ = {isa = PBXFileReference; explicitFileType = wrapper.application; includeInIndex = 0; path = SetGame.app; sourceTree = BUILT_PRODUCTS_DIR; };
		4619F53021A93B45001F799A /* AppDelegate.swift */ = {isa = PBXFileReference; lastKnownFileType = sourcecode.swift; path = AppDelegate.swift; sourceTree = "<group>"; };
		4619F53221A93B45001F799A /* ViewController.swift */ = {isa = PBXFileReference; lastKnownFileType = sourcecode.swift; path = ViewController.swift; sourceTree = "<group>"; };
		4619F53521A93B45001F799A /* Base */ = {isa = PBXFileReference; lastKnownFileType = file.storyboard; name = Base; path = Base.lproj/Main.storyboard; sourceTree = "<group>"; };
		4619F53721A93B47001F799A /* Assets.xcassets */ = {isa = PBXFileReference; lastKnownFileType = folder.assetcatalog; path = Assets.xcassets; sourceTree = "<group>"; };
		4619F53A21A93B47001F799A /* Base */ = {isa = PBXFileReference; lastKnownFileType = file.storyboard; name = Base; path = Base.lproj/LaunchScreen.storyboard; sourceTree = "<group>"; };
		4619F53C21A93B47001F799A /* Info.plist */ = {isa = PBXFileReference; lastKnownFileType = text.plist.xml; path = Info.plist; sourceTree = "<group>"; };
		4619F54221A93BEC001F799A /* Card.swift */ = {isa = PBXFileReference; lastKnownFileType = sourcecode.swift; name = Card.swift; path = Model/Card.swift; sourceTree = "<group>"; };
		4619F54421A944C3001F799A /* SetGame.swift */ = {isa = PBXFileReference; lastKnownFileType = sourcecode.swift; name = SetGame.swift; path = Model/SetGame.swift; sourceTree = "<group>"; };
		4619F54621A94726001F799A /* SetGameConstants.swift */ = {isa = PBXFileReference; lastKnownFileType = sourcecode.swift; name = SetGameConstants.swift; path = Model/SetGameConstants.swift; sourceTree = "<group>"; };
/* End PBXFileReference section */

/* Begin PBXFrameworksBuildPhase section */
		4619F52A21A93B45001F799A /* Frameworks */ = {
			isa = PBXFrameworksBuildPhase;
			buildActionMask = 2147483647;
			files = (
			);
			runOnlyForDeploymentPostprocessing = 0;
		};
/* End PBXFrameworksBuildPhase section */

/* Begin PBXGroup section */
		4619F52421A93B45001F799A = {
			isa = PBXGroup;
			children = (
				4605A1E421B3E16C00FAC92C /* ViewButtonToGameCard.swift */,
				4619F52F21A93B45001F799A /* SetGame */,
				4619F52E21A93B45001F799A /* Products */,
			);
			sourceTree = "<group>";
		};
		4619F52E21A93B45001F799A /* Products */ = {
			isa = PBXGroup;
			children = (
				4619F52D21A93B45001F799A /* SetGame.app */,
			);
			name = Products;
			sourceTree = "<group>";
		};
		4619F52F21A93B45001F799A /* SetGame */ = {
			isa = PBXGroup;
			children = (
				4619F53021A93B45001F799A /* AppDelegate.swift */,
				4619F53221A93B45001F799A /* ViewController.swift */,
				4619F53421A93B45001F799A /* Main.storyboard */,
				4619F53721A93B47001F799A /* Assets.xcassets */,
				4619F53921A93B47001F799A /* LaunchScreen.storyboard */,
				4619F53C21A93B47001F799A /* Info.plist */,
				4619F54221A93BEC001F799A /* Card.swift */,
				4619F54421A944C3001F799A /* SetGame.swift */,
				4619F54621A94726001F799A /* SetGameConstants.swift */,
				4614188521AE7FBA009CED1C /* SetGameViewConstants.swift */,
			);
			path = SetGame;
			sourceTree = "<group>";
		};
/* End PBXGroup section */

/* Begin PBXNativeTarget section */
		4619F52C21A93B45001F799A /* SetGame */ = {
			isa = PBXNativeTarget;
			buildConfigurationList = 4619F53F21A93B47001F799A /* Build configuration list for PBXNativeTarget "SetGame" */;
			buildPhases = (
				4619F52921A93B45001F799A /* Sources */,
				4619F52A21A93B45001F799A /* Frameworks */,
				4619F52B21A93B45001F799A /* Resources */,
			);
			buildRules = (
			);
			dependencies = (
			);
			name = SetGame;
			productName = SetGame;
			productReference = 4619F52D21A93B45001F799A /* SetGame.app */;
			productType = "com.apple.product-type.application";
		};
/* End PBXNativeTarget section */

/* Begin PBXProject section */
		4619F52521A93B45001F799A /* Project object */ = {
			isa = PBXProject;
			attributes = {
				LastSwiftUpdateCheck = 1010;
				LastUpgradeCheck = 1010;
				ORGANIZATIONNAME = "Pranay Kumar Srivastava";
				TargetAttributes = {
					4619F52C21A93B45001F799A = {
						CreatedOnToolsVersion = 10.1;
					};
				};
			};
			buildConfigurationList = 4619F52821A93B45001F799A /* Build configuration list for PBXProject "SetGame" */;
			compatibilityVersion = "Xcode 9.3";
			developmentRegion = en;
			hasScannedForEncodings = 0;
			knownRegions = (
				en,
				Base,
			);
			mainGroup = 4619F52421A93B45001F799A;
			productRefGroup = 4619F52E21A93B45001F799A /* Products */;
			projectDirPath = "";
			projectRoot = "";
			targets = (
				4619F52C21A93B45001F799A /* SetGame */,
			);
		};
/* End PBXProject section */

/* Begin PBXResourcesBuildPhase section */
		4619F52B21A93B45001F799A /* Resources */ = {
			isa = PBXResourcesBuildPhase;
			buildActionMask = 2147483647;
			files = (
				4619F53B21A93B47001F799A /* LaunchScreen.storyboard in Resources */,
				4619F53821A93B47001F799A /* Assets.xcassets in Resources */,
				4619F53621A93B45001F799A /* Main.storyboard in Resources */,
			);
			runOnlyForDeploymentPostprocessing = 0;
		};
/* End PBXResourcesBuildPhase section */

/* Begin PBXSourcesBuildPhase section */
		4619F52921A93B45001F799A /* Sources */ = {
			isa = PBXSourcesBuildPhase;
			buildActionMask = 2147483647;
			files = (
				4619F53321A93B45001F799A /* ViewController.swift in Sources */,
				4614188621AE7FBA009CED1C /* SetGameViewConstants.swift in Sources */,
				4619F54321A93BEC001F799A /* Card.swift in Sources */,
				4619F54521A944C3001F799A /* SetGame.swift in Sources */,
				4619F54721A94726001F799A /* SetGameConstants.swift in Sources */,
				4605A1E521B3E16C00FAC92C /* ViewButtonToGameCard.swift in Sources */,
				4619F53121A93B45001F799A /* AppDelegate.swift in Sources */,
			);
			runOnlyForDeploymentPostprocessing = 0;
		};
/* End PBXSourcesBuildPhase section */

/* Begin PBXVariantGroup section */
		4619F53421A93B45001F799A /* Main.storyboard */ = {
			isa = PBXVariantGroup;
			children = (
				4619F53521A93B45001F799A /* Base */,
			);
			name = Main.storyboard;
			sourceTree = "<group>";
		};
		4619F53921A93B47001F799A /* LaunchScreen.storyboard */ = {
			isa = PBXVariantGroup;
			children = (
				4619F53A21A93B47001F799A /* Base */,
			);
			name = LaunchScreen.storyboard;
			sourceTree = "<group>";
		};
/* End PBXVariantGroup section */

/* Begin XCBuildConfiguration section */
		4619F53D21A93B47001F799A /* Debug */ = {
			isa = XCBuildConfiguration;
			buildSettings = {
				ALWAYS_SEARCH_USER_PATHS = NO;
				CLANG_ANALYZER_NONNULL = YES;
				CLANG_ANALYZER_NUMBER_OBJECT_CONVERSION = YES_AGGRESSIVE;
				CLANG_CXX_LANGUAGE_STANDARD = "gnu++14";
				CLANG_CXX_LIBRARY = "libc++";
				CLANG_ENABLE_MODULES = YES;
				CLANG_ENABLE_OBJC_ARC = YES;
				CLANG_ENABLE_OBJC_WEAK = YES;
				CLANG_WARN_BLOCK_CAPTURE_AUTORELEASING = YES;
				CLANG_WARN_BOOL_CONVERSION = YES;
				CLANG_WARN_COMMA = YES;
				CLANG_WARN_CONSTANT_CONVERSION = YES;
				CLANG_WARN_DEPRECATED_OBJC_IMPLEMENTATIONS = YES;
				CLANG_WARN_DIRECT_OBJC_ISA_USAGE = YES_ERROR;
				CLANG_WARN_DOCUMENTATION_COMMENTS = YES;
				CLANG_WARN_EMPTY_BODY = YES;
				CLANG_WARN_ENUM_CONVERSION = YES;
				CLANG_WARN_INFINITE_RECURSION = YES;
				CLANG_WARN_INT_CONVERSION = YES;
				CLANG_WARN_NON_LITERAL_NULL_CONVERSION = YES;
				CLANG_WARN_OBJC_IMPLICIT_RETAIN_SELF = YES;
				CLANG_WARN_OBJC_LITERAL_CONVERSION = YES;
				CLANG_WARN_OBJC_ROOT_CLASS = YES_ERROR;
				CLANG_WARN_RANGE_LOOP_ANALYSIS = YES;
				CLANG_WARN_STRICT_PROTOTYPES = YES;
				CLANG_WARN_SUSPICIOUS_MOVE = YES;
				CLANG_WARN_UNGUARDED_AVAILABILITY = YES_AGGRESSIVE;
				CLANG_WARN_UNREACHABLE_CODE = YES;
				CLANG_WARN__DUPLICATE_METHOD_MATCH = YES;
				CODE_SIGN_IDENTITY = "iPhone Developer";
				COPY_PHASE_STRIP = NO;
				DEBUG_INFORMATION_FORMAT = dwarf;
				ENABLE_STRICT_OBJC_MSGSEND = YES;
				ENABLE_TESTABILITY = YES;
				GCC_C_LANGUAGE_STANDARD = gnu11;
				GCC_DYNAMIC_NO_PIC = NO;
				GCC_NO_COMMON_BLOCKS = YES;
				GCC_OPTIMIZATION_LEVEL = 0;
				GCC_PREPROCESSOR_DEFINITIONS = (
					"DEBUG=1",
					"$(inherited)",
				);
				GCC_WARN_64_TO_32_BIT_CONVERSION = YES;
				GCC_WARN_ABOUT_RETURN_TYPE = YES_ERROR;
				GCC_WARN_UNDECLARED_SELECTOR = YES;
				GCC_WARN_UNINITIALIZED_AUTOS = YES_AGGRESSIVE;
				GCC_WARN_UNUSED_FUNCTION = YES;
				GCC_WARN_UNUSED_VARIABLE = YES;
				IPHONEOS_DEPLOYMENT_TARGET = 12.1;
				MTL_ENABLE_DEBUG_INFO = INCLUDE_SOURCE;
				MTL_FAST_MATH = YES;
				ONLY_ACTIVE_ARCH = YES;
				SDKROOT = iphoneos;
				SWIFT_ACTIVE_COMPILATION_CONDITIONS = DEBUG;
				SWIFT_OPTIMIZATION_LEVEL = "-Onone";
			};
			name = Debug;
		};
		4619F53E21A93B47001F799A /* Release */ = {
			isa = XCBuildConfiguration;
			buildSettings = {
				ALWAYS_SEARCH_USER_PATHS = NO;
				CLANG_ANALYZER_NONNULL = YES;
				CLANG_ANALYZER_NUMBER_OBJECT_CONVERSION = YES_AGGRESSIVE;
				CLANG_CXX_LANGUAGE_STANDARD = "gnu++14";
				CLANG_CXX_LIBRARY = "libc++";
				CLANG_ENABLE_MODULES = YES;
				CLANG_ENABLE_OBJC_ARC = YES;
				CLANG_ENABLE_OBJC_WEAK = YES;
				CLANG_WARN_BLOCK_CAPTURE_AUTORELEASING = YES;
				CLANG_WARN_BOOL_CONVERSION = YES;
				CLANG_WARN_COMMA = YES;
				CLANG_WARN_CONSTANT_CONVERSION = YES;
				CLANG_WARN_DEPRECATED_OBJC_IMPLEMENTATIONS = YES;
				CLANG_WARN_DIRECT_OBJC_ISA_USAGE = YES_ERROR;
				CLANG_WARN_DOCUMENTATION_COMMENTS = YES;
				CLANG_WARN_EMPTY_BODY = YES;
				CLANG_WARN_ENUM_CONVERSION = YES;
				CLANG_WARN_INFINITE_RECURSION = YES;
				CLANG_WARN_INT_CONVERSION = YES;
				CLANG_WARN_NON_LITERAL_NULL_CONVERSION = YES;
				CLANG_WARN_OBJC_IMPLICIT_RETAIN_SELF = YES;
				CLANG_WARN_OBJC_LITERAL_CONVERSION = YES;
				CLANG_WARN_OBJC_ROOT_CLASS = YES_ERROR;
				CLANG_WARN_RANGE_LOOP_ANALYSIS = YES;
				CLANG_WARN_STRICT_PROTOTYPES = YES;
				CLANG_WARN_SUSPICIOUS_MOVE = YES;
				CLANG_WARN_UNGUARDED_AVAILABILITY = YES_AGGRESSIVE;
				CLANG_WARN_UNREACHABLE_CODE = YES;
				CLANG_WARN__DUPLICATE_METHOD_MATCH = YES;
				CODE_SIGN_IDENTITY = "iPhone Developer";
				COPY_PHASE_STRIP = NO;
				DEBUG_INFORMATION_FORMAT = "dwarf-with-dsym";
				ENABLE_NS_ASSERTIONS = NO;
				ENABLE_STRICT_OBJC_MSGSEND = YES;
				GCC_C_LANGUAGE_STANDARD = gnu11;
				GCC_NO_COMMON_BLOCKS = YES;
				GCC_WARN_64_TO_32_BIT_CONVERSION = YES;
				GCC_WARN_ABOUT_RETURN_TYPE = YES_ERROR;
				GCC_WARN_UNDECLARED_SELECTOR = YES;
				GCC_WARN_UNINITIALIZED_AUTOS = YES_AGGRESSIVE;
				GCC_WARN_UNUSED_FUNCTION = YES;
				GCC_WARN_UNUSED_VARIABLE = YES;
				IPHONEOS_DEPLOYMENT_TARGET = 12.1;
				MTL_ENABLE_DEBUG_INFO = NO;
				MTL_FAST_MATH = YES;
				SDKROOT = iphoneos;
				SWIFT_COMPILATION_MODE = wholemodule;
				SWIFT_OPTIMIZATION_LEVEL = "-O";
				VALIDATE_PRODUCT = YES;
			};
			name = Release;
		};
		4619F54021A93B47001F799A /* Debug */ = {
			isa = XCBuildConfiguration;
			buildSettings = {
				ASSETCATALOG_COMPILER_APPICON_NAME = AppIcon;
				CODE_SIGN_STYLE = Automatic;
				INFOPLIST_FILE = SetGame/Info.plist;
				LD_RUNPATH_SEARCH_PATHS = (
					"$(inherited)",
					"@executable_path/Frameworks",
				);
				PRODUCT_BUNDLE_IDENTIFIER = NA.SetGame;
				PRODUCT_NAME = "$(TARGET_NAME)";
				SWIFT_VERSION = 4.2;
				TARGETED_DEVICE_FAMILY = "1,2";
			};
			name = Debug;
		};
		4619F54121A93B47001F799A /* Release */ = {
			isa = XCBuildConfiguration;
			buildSettings = {
				ASSETCATALOG_COMPILER_APPICON_NAME = AppIcon;
				CODE_SIGN_STYLE = Automatic;
				INFOPLIST_FILE = SetGame/Info.plist;
				LD_RUNPATH_SEARCH_PATHS = (
					"$(inherited)",
					"@executable_path/Frameworks",
				);
				PRODUCT_BUNDLE_IDENTIFIER = NA.SetGame;
				PRODUCT_NAME = "$(TARGET_NAME)";
				SWIFT_VERSION = 4.2;
				TARGETED_DEVICE_FAMILY = "1,2";
			};
			name = Release;
		};
/* End XCBuildConfiguration section */

/* Begin XCConfigurationList section */
		4619F52821A93B45001F799A /* Build configuration list for PBXProject "SetGame" */ = {
			isa = XCConfigurationList;
			buildConfigurations = (
				4619F53D21A93B47001F799A /* Debug */,
				4619F53E21A93B47001F799A /* Release */,
			);
			defaultConfigurationIsVisible = 0;
			defaultConfigurationName = Release;
		};
		4619F53F21A93B47001F799A /* Build configuration list for PBXNativeTarget "SetGame" */ = {
			isa = XCConfigurationList;
			buildConfigurations = (
				4619F54021A93B47001F799A /* Debug */,
				4619F54121A93B47001F799A /* Release */,
			);
			defaultConfigurationIsVisible = 0;
			defaultConfigurationName = Release;
		};
/* End XCConfigurationList section */
	};
	rootObject = 4619F52521A93B45001F799A /* Project object */;
}
